Microsoft Visual Studio Solution File, Format Version 11.00
# Visual Studio 2008

Project("{94D92460-4E0E-3199-8CFD-6F2E72A6334B}") = "TheTimeSavior", "Assembly-CSharp.csproj", "{0662AE88-7F09-C59D-3A61-26FE0600E4E8}"
EndProject
Project("{94D92460-4E0E-3199-8CFD-6F2E72A6334B}") = "TheTimeSavior", "Assembly-CSharp-Editor.csproj", "{8129E41A-EC2A-58AF-E38C-1C1E4752F86D}"
EndProject
Global
	GlobalSection(SolutionConfigurationPlatforms) = preSolution
		Debug|Any CPU = Debug|Any CPU
		Release|Any CPU = Release|Any CPU
	EndGlobalSection
	GlobalSection(ProjectConfigurationPlatforms) = postSolution
		{0662AE88-7F09-C59D-3A61-26FE0600E4E8}.Debug|Any CPU.ActiveCfg = Debug|Any CPU
		{0662AE88-7F09-C59D-3A61-26FE0600E4E8}.Debug|Any CPU.Build.0 = Debug|Any CPU
		{0662AE88-7F09-C59D-3A61-26FE0600E4E8}.Release|Any CPU.ActiveCfg = Release|Any CPU
		{0662AE88-7F09-C59D-3A61-26FE0600E4E8}.Release|Any CPU.Build.0 = Release|Any CPU
		{8129E41A-EC2A-58AF-E38C-1C1E4752F86D}.Debug|Any CPU.ActiveCfg = Debug|Any CPU
		{8129E41A-EC2A-58AF-E38C-1C1E4752F86D}.Debug|Any CPU.Build.0 = Debug|Any CPU
		{8129E41A-EC2A-58AF-E38C-1C1E4752F86D}.Release|Any CPU.ActiveCfg = Release|Any CPU
		{8129E41A-EC2A-58AF-E38C-1C1E4752F86D}.Release|Any CPU.Build.0 = Release|Any CPU
	EndGlobalSection
	GlobalSection(SolutionProperties) = preSolution
		HideSolutionNode = FALSE
	EndGlobalSection
	GlobalSection(MonoDevelopProperties) = preSolution
		StartupItem = Assembly-CSharp.csproj
	EndGlobalSection
EndGlobal
